// !$*UTF8*$!
{
	archiveVersion = 1;
	classes = {
	};
	objectVersion = 46;
	objects = {

/* Begin PBXBuildFile section */
		992A13EE1A00331B00606F97 /* UsersViewController.m in Sources */ = {isa = PBXBuildFile; fileRef = 992A13ED1A00331B00606F97 /* UsersViewController.m */; };
		992A13F51A00418300606F97 /* UserCell.m in Sources */ = {isa = PBXBuildFile; fileRef = 992A13F41A00418300606F97 /* UserCell.m */; };
		992A13F81A0049F700606F97 /* AddUserViewController.m in Sources */ = {isa = PBXBuildFile; fileRef = 992A13F71A0049F700606F97 /* AddUserViewController.m */; };
		9959368019FF46C1006A2E9F /* CoreData.framework in Frameworks */ = {isa = PBXBuildFile; fileRef = 9959367F19FF46C1006A2E9F /* CoreData.framework */; };
		9959368219FF46D2006A2E9F /* CoreGraphics.framework in Frameworks */ = {isa = PBXBuildFile; fileRef = 9959368119FF46D2006A2E9F /* CoreGraphics.framework */; };
		9959368419FF46EA006A2E9F /* CoreLocation.framework in Frameworks */ = {isa = PBXBuildFile; fileRef = 9959368319FF46EA006A2E9F /* CoreLocation.framework */; };
		9959368619FF46EF006A2E9F /* QuartzCore.framework in Frameworks */ = {isa = PBXBuildFile; fileRef = 9959368519FF46EF006A2E9F /* QuartzCore.framework */; };
		9959368819FF46F6006A2E9F /* Foundation.framework in Frameworks */ = {isa = PBXBuildFile; fileRef = 9959368719FF46F6006A2E9F /* Foundation.framework */; };
		9959368A19FF4701006A2E9F /* UIKit.framework in Frameworks */ = {isa = PBXBuildFile; fileRef = 9959368919FF4701006A2E9F /* UIKit.framework */; };
		9959369119FF4A09006A2E9F /* CoreDataStack.m in Sources */ = {isa = PBXBuildFile; fileRef = 9959369019FF4A09006A2E9F /* CoreDataStack.m */; };
		9959369519FF4E2F006A2E9F /* EveryDo.xcdatamodeld in Sources */ = {isa = PBXBuildFile; fileRef = 9959369319FF4E2F006A2E9F /* EveryDo.xcdatamodeld */; };
		995936DF1A002841006A2E9F /* UsersManagedObject.m in Sources */ = {isa = PBXBuildFile; fileRef = 995936DE1A002841006A2E9F /* UsersManagedObject.m */; };
		995936E21A00285A006A2E9F /* ToDoManagedObject.m in Sources */ = {isa = PBXBuildFile; fileRef = 995936E11A00285A006A2E9F /* ToDoManagedObject.m */; };
		997FE01119F8621900E6A9E9 /* EditItemViewController.m in Sources */ = {isa = PBXBuildFile; fileRef = 997FE01019F8621900E6A9E9 /* EditItemViewController.m */; };
		99A71C5419F82D0300D2DC76 /* main.m in Sources */ = {isa = PBXBuildFile; fileRef = 99A71C5319F82D0300D2DC76 /* main.m */; };
		99A71C5719F82D0300D2DC76 /* AppDelegate.m in Sources */ = {isa = PBXBuildFile; fileRef = 99A71C5619F82D0300D2DC76 /* AppDelegate.m */; };
		99A71C5A19F82D0300D2DC76 /* MasterViewController.m in Sources */ = {isa = PBXBuildFile; fileRef = 99A71C5919F82D0300D2DC76 /* MasterViewController.m */; };
		99A71C6019F82D0300D2DC76 /* Main.storyboard in Resources */ = {isa = PBXBuildFile; fileRef = 99A71C5E19F82D0300D2DC76 /* Main.storyboard */; };
		99A71C6219F82D0300D2DC76 /* Images.xcassets in Resources */ = {isa = PBXBuildFile; fileRef = 99A71C6119F82D0300D2DC76 /* Images.xcassets */; };
		99A71C6519F82D0300D2DC76 /* LaunchScreen.xib in Resources */ = {isa = PBXBuildFile; fileRef = 99A71C6319F82D0300D2DC76 /* LaunchScreen.xib */; };
		99A71C7119F82D0300D2DC76 /* EveryDoTests.m in Sources */ = {isa = PBXBuildFile; fileRef = 99A71C7019F82D0300D2DC76 /* EveryDoTests.m */; };
		99A71C7F19F8365D00D2DC76 /* ItemCell.m in Sources */ = {isa = PBXBuildFile; fileRef = 99A71C7E19F8365D00D2DC76 /* ItemCell.m */; };
/* End PBXBuildFile section */

/* Begin PBXContainerItemProxy section */
		99A71C6B19F82D0300D2DC76 /* PBXContainerItemProxy */ = {
			isa = PBXContainerItemProxy;
			containerPortal = 99A71C4619F82D0300D2DC76 /* Project object */;
			proxyType = 1;
			remoteGlobalIDString = 99A71C4D19F82D0300D2DC76;
			remoteInfo = EveryDo;
		};
/* End PBXContainerItemProxy section */

/* Begin PBXFileReference section */
		992A13EC1A00331B00606F97 /* UsersViewController.h */ = {isa = PBXFileReference; fileEncoding = 4; lastKnownFileType = sourcecode.c.h; path = UsersViewController.h; sourceTree = "<group>"; };
		992A13ED1A00331B00606F97 /* UsersViewController.m */ = {isa = PBXFileReference; fileEncoding = 4; lastKnownFileType = sourcecode.c.objc; path = UsersViewController.m; sourceTree = "<group>"; };
		992A13F31A00418300606F97 /* UserCell.h */ = {isa = PBXFileReference; fileEncoding = 4; lastKnownFileType = sourcecode.c.h; path = UserCell.h; sourceTree = "<group>"; };
		992A13F41A00418300606F97 /* UserCell.m */ = {isa = PBXFileReference; fileEncoding = 4; lastKnownFileType = sourcecode.c.objc; path = UserCell.m; sourceTree = "<group>"; };
		992A13F61A0049F700606F97 /* AddUserViewController.h */ = {isa = PBXFileReference; fileEncoding = 4; lastKnownFileType = sourcecode.c.h; path = AddUserViewController.h; sourceTree = "<group>"; };
		992A13F71A0049F700606F97 /* AddUserViewController.m */ = {isa = PBXFileReference; fileEncoding = 4; lastKnownFileType = sourcecode.c.objc; path = AddUserViewController.m; sourceTree = "<group>"; };
		9959367F19FF46C1006A2E9F /* CoreData.framework */ = {isa = PBXFileReference; lastKnownFileType = wrapper.framework; name = CoreData.framework; path = System/Library/Frameworks/CoreData.framework; sourceTree = SDKROOT; };
		9959368119FF46D2006A2E9F /* CoreGraphics.framework */ = {isa = PBXFileReference; lastKnownFileType = wrapper.framework; name = CoreGraphics.framework; path = System/Library/Frameworks/CoreGraphics.framework; sourceTree = SDKROOT; };
		9959368319FF46EA006A2E9F /* CoreLocation.framework */ = {isa = PBXFileReference; lastKnownFileType = wrapper.framework; name = CoreLocation.framework; path = System/Library/Frameworks/CoreLocation.framework; sourceTree = SDKROOT; };
		9959368519FF46EF006A2E9F /* QuartzCore.framework */ = {isa = PBXFileReference; lastKnownFileType = wrapper.framework; name = QuartzCore.framework; path = System/Library/Frameworks/QuartzCore.framework; sourceTree = SDKROOT; };
		9959368719FF46F6006A2E9F /* Foundation.framework */ = {isa = PBXFileReference; lastKnownFileType = wrapper.framework; name = Foundation.framework; path = System/Library/Frameworks/Foundation.framework; sourceTree = SDKROOT; };
		9959368919FF4701006A2E9F /* UIKit.framework */ = {isa = PBXFileReference; lastKnownFileType = wrapper.framework; name = UIKit.framework; path = System/Library/Frameworks/UIKit.framework; sourceTree = SDKROOT; };
		9959368F19FF4A09006A2E9F /* CoreDataStack.h */ = {isa = PBXFileReference; fileEncoding = 4; lastKnownFileType = sourcecode.c.h; path = CoreDataStack.h; sourceTree = "<group>"; };
		9959369019FF4A09006A2E9F /* CoreDataStack.m */ = {isa = PBXFileReference; fileEncoding = 4; lastKnownFileType = sourcecode.c.objc; path = CoreDataStack.m; sourceTree = "<group>"; };
		9959369419FF4E2F006A2E9F /* EveryDo.xcdatamodel */ = {isa = PBXFileReference; lastKnownFileType = wrapper.xcdatamodel; path = EveryDo.xcdatamodel; sourceTree = "<group>"; };
		995936DD1A002841006A2E9F /* UsersManagedObject.h */ = {isa = PBXFileReference; fileEncoding = 4; lastKnownFileType = sourcecode.c.h; path = UsersManagedObject.h; sourceTree = "<group>"; };
		995936DE1A002841006A2E9F /* UsersManagedObject.m */ = {isa = PBXFileReference; fileEncoding = 4; lastKnownFileType = sourcecode.c.objc; path = UsersManagedObject.m; sourceTree = "<group>"; };
		995936E01A00285A006A2E9F /* ToDoManagedObject.h */ = {isa = PBXFileReference; fileEncoding = 4; lastKnownFileType = sourcecode.c.h; path = ToDoManagedObject.h; sourceTree = "<group>"; };
		995936E11A00285A006A2E9F /* ToDoManagedObject.m */ = {isa = PBXFileReference; fileEncoding = 4; lastKnownFileType = sourcecode.c.objc; path = ToDoManagedObject.m; sourceTree = "<group>"; };
		997FE00F19F8621900E6A9E9 /* EditItemViewController.h */ = {isa = PBXFileReference; fileEncoding = 4; lastKnownFileType = sourcecode.c.h; path = EditItemViewController.h; sourceTree = "<group>"; };
		997FE01019F8621900E6A9E9 /* EditItemViewController.m */ = {isa = PBXFileReference; fileEncoding = 4; lastKnownFileType = sourcecode.c.objc; path = EditItemViewController.m; sourceTree = "<group>"; };
		99A71C4E19F82D0300D2DC76 /* EveryDo.app */ = {isa = PBXFileReference; explicitFileType = wrapper.application; includeInIndex = 0; path = EveryDo.app; sourceTree = BUILT_PRODUCTS_DIR; };
		99A71C5219F82D0300D2DC76 /* Info.plist */ = {isa = PBXFileReference; lastKnownFileType = text.plist.xml; path = Info.plist; sourceTree = "<group>"; };
		99A71C5319F82D0300D2DC76 /* main.m */ = {isa = PBXFileReference; lastKnownFileType = sourcecode.c.objc; path = main.m; sourceTree = "<group>"; };
		99A71C5519F82D0300D2DC76 /* AppDelegate.h */ = {isa = PBXFileReference; lastKnownFileType = sourcecode.c.h; path = AppDelegate.h; sourceTree = "<group>"; };
		99A71C5619F82D0300D2DC76 /* AppDelegate.m */ = {isa = PBXFileReference; lastKnownFileType = sourcecode.c.objc; path = AppDelegate.m; sourceTree = "<group>"; };
		99A71C5819F82D0300D2DC76 /* MasterViewController.h */ = {isa = PBXFileReference; lastKnownFileType = sourcecode.c.h; path = MasterViewController.h; sourceTree = "<group>"; };
		99A71C5919F82D0300D2DC76 /* MasterViewController.m */ = {isa = PBXFileReference; lastKnownFileType = sourcecode.c.objc; path = MasterViewController.m; sourceTree = "<group>"; };
		99A71C5F19F82D0300D2DC76 /* Base */ = {isa = PBXFileReference; lastKnownFileType = file.storyboard; name = Base; path = Base.lproj/Main.storyboard; sourceTree = "<group>"; };
		99A71C6119F82D0300D2DC76 /* Images.xcassets */ = {isa = PBXFileReference; lastKnownFileType = folder.assetcatalog; path = Images.xcassets; sourceTree = "<group>"; };
		99A71C6419F82D0300D2DC76 /* Base */ = {isa = PBXFileReference; lastKnownFileType = file.xib; name = Base; path = Base.lproj/LaunchScreen.xib; sourceTree = "<group>"; };
		99A71C6A19F82D0300D2DC76 /* EveryDoTests.xctest */ = {isa = PBXFileReference; explicitFileType = wrapper.cfbundle; includeInIndex = 0; path = EveryDoTests.xctest; sourceTree = BUILT_PRODUCTS_DIR; };
		99A71C6F19F82D0300D2DC76 /* Info.plist */ = {isa = PBXFileReference; lastKnownFileType = text.plist.xml; path = Info.plist; sourceTree = "<group>"; };
		99A71C7019F82D0300D2DC76 /* EveryDoTests.m */ = {isa = PBXFileReference; lastKnownFileType = sourcecode.c.objc; path = EveryDoTests.m; sourceTree = "<group>"; };
		99A71C7D19F8365D00D2DC76 /* ItemCell.h */ = {isa = PBXFileReference; fileEncoding = 4; lastKnownFileType = sourcecode.c.h; path = ItemCell.h; sourceTree = "<group>"; };
		99A71C7E19F8365D00D2DC76 /* ItemCell.m */ = {isa = PBXFileReference; fileEncoding = 4; lastKnownFileType = sourcecode.c.objc; path = ItemCell.m; sourceTree = "<group>"; };
/* End PBXFileReference section */

/* Begin PBXFrameworksBuildPhase section */
		99A71C4B19F82D0300D2DC76 /* Frameworks */ = {
			isa = PBXFrameworksBuildPhase;
			buildActionMask = 2147483647;
			files = (
				9959368019FF46C1006A2E9F /* CoreData.framework in Frameworks */,
				9959368A19FF4701006A2E9F /* UIKit.framework in Frameworks */,
				9959368819FF46F6006A2E9F /* Foundation.framework in Frameworks */,
				9959368619FF46EF006A2E9F /* QuartzCore.framework in Frameworks */,
				9959368419FF46EA006A2E9F /* CoreLocation.framework in Frameworks */,
				9959368219FF46D2006A2E9F /* CoreGraphics.framework in Frameworks */,
			);
			runOnlyForDeploymentPostprocessing = 0;
		};
		99A71C6719F82D0300D2DC76 /* Frameworks */ = {
			isa = PBXFrameworksBuildPhase;
			buildActionMask = 2147483647;
			files = (
			);
			runOnlyForDeploymentPostprocessing = 0;
		};
/* End PBXFrameworksBuildPhase section */

/* Begin PBXGroup section */
		992A13F91A004BC600606F97 /* Users */ = {
			isa = PBXGroup;
			children = (
				992A13EC1A00331B00606F97 /* UsersViewController.h */,
				992A13ED1A00331B00606F97 /* UsersViewController.m */,
				992A13F61A0049F700606F97 /* AddUserViewController.h */,
				992A13F71A0049F700606F97 /* AddUserViewController.m */,
			);
			name = Users;
			sourceTree = "<group>";
		};
		992A13FA1A004BD500606F97 /* Items */ = {
			isa = PBXGroup;
			children = (
				99A71C5819F82D0300D2DC76 /* MasterViewController.h */,
				99A71C5919F82D0300D2DC76 /* MasterViewController.m */,
				997FE00F19F8621900E6A9E9 /* EditItemViewController.h */,
				997FE01019F8621900E6A9E9 /* EditItemViewController.m */,
			);
			name = Items;
			sourceTree = "<group>";
		};
		9959368B19FF4708006A2E9F /* Frameworks */ = {
			isa = PBXGroup;
			children = (
				9959368919FF4701006A2E9F /* UIKit.framework */,
				9959368719FF46F6006A2E9F /* Foundation.framework */,
				9959368519FF46EF006A2E9F /* QuartzCore.framework */,
				9959368319FF46EA006A2E9F /* CoreLocation.framework */,
				9959368119FF46D2006A2E9F /* CoreGraphics.framework */,
				9959367F19FF46C1006A2E9F /* CoreData.framework */,
			);
			name = Frameworks;
			path = EveryDo;
			sourceTree = "<group>";
		};
		9959369219FF4AAD006A2E9F /* Core Data */ = {
			isa = PBXGroup;
			children = (
				9959368F19FF4A09006A2E9F /* CoreDataStack.h */,
				9959369019FF4A09006A2E9F /* CoreDataStack.m */,
				9959369319FF4E2F006A2E9F /* EveryDo.xcdatamodeld */,
				995936E01A00285A006A2E9F /* ToDoManagedObject.h */,
				995936E11A00285A006A2E9F /* ToDoManagedObject.m */,
				995936DD1A002841006A2E9F /* UsersManagedObject.h */,
				995936DE1A002841006A2E9F /* UsersManagedObject.m */,
			);
			name = "Core Data";
			sourceTree = "<group>";
		};
		99A71C4519F82D0300D2DC76 = {
			isa = PBXGroup;
			children = (
				99A71C5019F82D0300D2DC76 /* EveryDo */,
				99A71C6D19F82D0300D2DC76 /* EveryDoTests */,
				99A71C4F19F82D0300D2DC76 /* Products */,
				9959368B19FF4708006A2E9F /* Frameworks */,
			);
			sourceTree = "<group>";
		};
		99A71C4F19F82D0300D2DC76 /* Products */ = {
			isa = PBXGroup;
			children = (
				99A71C4E19F82D0300D2DC76 /* EveryDo.app */,
				99A71C6A19F82D0300D2DC76 /* EveryDoTests.xctest */,
			);
			name = Products;
			sourceTree = "<group>";
		};
		99A71C5019F82D0300D2DC76 /* EveryDo */ = {
			isa = PBXGroup;
			children = (
				9959369219FF4AAD006A2E9F /* Core Data */,
				99A71C5519F82D0300D2DC76 /* AppDelegate.h */,
				99A71C5619F82D0300D2DC76 /* AppDelegate.m */,
				992A13FA1A004BD500606F97 /* Items */,
				992A13F91A004BC600606F97 /* Users */,
				99A71C5E19F82D0300D2DC76 /* Main.storyboard */,
				99A71C6119F82D0300D2DC76 /* Images.xcassets */,
				99A71C6319F82D0300D2DC76 /* LaunchScreen.xib */,
				99A71C7D19F8365D00D2DC76 /* ItemCell.h */,
				99A71C7E19F8365D00D2DC76 /* ItemCell.m */,
				992A13F31A00418300606F97 /* UserCell.h */,
				992A13F41A00418300606F97 /* UserCell.m */,
				99A71C5119F82D0300D2DC76 /* Supporting Files */,
			);
			path = EveryDo;
			sourceTree = "<group>";
		};
		99A71C5119F82D0300D2DC76 /* Supporting Files */ = {
			isa = PBXGroup;
			children = (
				99A71C5219F82D0300D2DC76 /* Info.plist */,
				99A71C5319F82D0300D2DC76 /* main.m */,
			);
			name = "Supporting Files";
			sourceTree = "<group>";
		};
		99A71C6D19F82D0300D2DC76 /* EveryDoTests */ = {
			isa = PBXGroup;
			children = (
				99A71C7019F82D0300D2DC76 /* EveryDoTests.m */,
				99A71C6E19F82D0300D2DC76 /* Supporting Files */,
			);
			path = EveryDoTests;
			sourceTree = "<group>";
		};
		99A71C6E19F82D0300D2DC76 /* Supporting Files */ = {
			isa = PBXGroup;
			children = (
				99A71C6F19F82D0300D2DC76 /* Info.plist */,
			);
			name = "Supporting Files";
			sourceTree = "<group>";
		};
/* End PBXGroup section */

/* Begin PBXNativeTarget section */
		99A71C4D19F82D0300D2DC76 /* EveryDo */ = {
			isa = PBXNativeTarget;
			buildConfigurationList = 99A71C7419F82D0300D2DC76 /* Build configuration list for PBXNativeTarget "EveryDo" */;
			buildPhases = (
				99A71C4A19F82D0300D2DC76 /* Sources */,
				99A71C4B19F82D0300D2DC76 /* Frameworks */,
				99A71C4C19F82D0300D2DC76 /* Resources */,
			);
			buildRules = (
			);
			dependencies = (
			);
			name = EveryDo;
			productName = EveryDo;
			productReference = 99A71C4E19F82D0300D2DC76 /* EveryDo.app */;
			productType = "com.apple.product-type.application";
		};
		99A71C6919F82D0300D2DC76 /* EveryDoTests */ = {
			isa = PBXNativeTarget;
			buildConfigurationList = 99A71C7719F82D0300D2DC76 /* Build configuration list for PBXNativeTarget "EveryDoTests" */;
			buildPhases = (
				99A71C6619F82D0300D2DC76 /* Sources */,
				99A71C6719F82D0300D2DC76 /* Frameworks */,
				99A71C6819F82D0300D2DC76 /* Resources */,
			);
			buildRules = (
			);
			dependencies = (
				99A71C6C19F82D0300D2DC76 /* PBXTargetDependency */,
			);
			name = EveryDoTests;
			productName = EveryDoTests;
			productReference = 99A71C6A19F82D0300D2DC76 /* EveryDoTests.xctest */;
			productType = "com.apple.product-type.bundle.unit-test";
		};
/* End PBXNativeTarget section */

/* Begin PBXProject section */
		99A71C4619F82D0300D2DC76 /* Project object */ = {
			isa = PBXProject;
			attributes = {
				LastUpgradeCheck = 0600;
				ORGANIZATIONNAME = audreyjun;
				TargetAttributes = {
					99A71C4D19F82D0300D2DC76 = {
						CreatedOnToolsVersion = 6.0.1;
					};
					99A71C6919F82D0300D2DC76 = {
						CreatedOnToolsVersion = 6.0.1;
						TestTargetID = 99A71C4D19F82D0300D2DC76;
					};
				};
			};
			buildConfigurationList = 99A71C4919F82D0300D2DC76 /* Build configuration list for PBXProject "EveryDo" */;
			compatibilityVersion = "Xcode 3.2";
			developmentRegion = English;
			hasScannedForEncodings = 0;
			knownRegions = (
				en,
				Base,
			);
			mainGroup = 99A71C4519F82D0300D2DC76;
			productRefGroup = 99A71C4F19F82D0300D2DC76 /* Products */;
			projectDirPath = "";
			projectRoot = "";
			targets = (
				99A71C4D19F82D0300D2DC76 /* EveryDo */,
				99A71C6919F82D0300D2DC76 /* EveryDoTests */,
			);
		};
/* End PBXProject section */

/* Begin PBXResourcesBuildPhase section */
		99A71C4C19F82D0300D2DC76 /* Resources */ = {
			isa = PBXResourcesBuildPhase;
			buildActionMask = 2147483647;
			files = (
				99A71C6019F82D0300D2DC76 /* Main.storyboard in Resources */,
				99A71C6519F82D0300D2DC76 /* LaunchScreen.xib in Resources */,
				99A71C6219F82D0300D2DC76 /* Images.xcassets in Resources */,
			);
			runOnlyForDeploymentPostprocessing = 0;
		};
		99A71C6819F82D0300D2DC76 /* Resources */ = {
			isa = PBXResourcesBuildPhase;
			buildActionMask = 2147483647;
			files = (
			);
			runOnlyForDeploymentPostprocessing = 0;
		};
/* End PBXResourcesBuildPhase section */

/* Begin PBXSourcesBuildPhase section */
		99A71C4A19F82D0300D2DC76 /* Sources */ = {
			isa = PBXSourcesBuildPhase;
			buildActionMask = 2147483647;
			files = (
				99A71C7F19F8365D00D2DC76 /* ItemCell.m in Sources */,
				992A13EE1A00331B00606F97 /* UsersViewController.m in Sources */,
				995936DF1A002841006A2E9F /* UsersManagedObject.m in Sources */,
				9959369519FF4E2F006A2E9F /* EveryDo.xcdatamodeld in Sources */,
				997FE01119F8621900E6A9E9 /* EditItemViewController.m in Sources */,
				992A13F81A0049F700606F97 /* AddUserViewController.m in Sources */,
				9959369119FF4A09006A2E9F /* CoreDataStack.m in Sources */,
				99A71C5719F82D0300D2DC76 /* AppDelegate.m in Sources */,
				99A71C5A19F82D0300D2DC76 /* MasterViewController.m in Sources */,
				99A71C5419F82D0300D2DC76 /* main.m in Sources */,
				992A13F51A00418300606F97 /* UserCell.m in Sources */,
				995936E21A00285A006A2E9F /* ToDoManagedObject.m in Sources */,
			);
			runOnlyForDeploymentPostprocessing = 0;
		};
		99A71C6619F82D0300D2DC76 /* Sources */ = {
			isa = PBXSourcesBuildPhase;
			buildActionMask = 2147483647;
			files = (
				99A71C7119F82D0300D2DC76 /* EveryDoTests.m in Sources */,
			);
			runOnlyForDeploymentPostprocessing = 0;
		};
/* End PBXSourcesBuildPhase section */

/* Begin PBXTargetDependency section */
		99A71C6C19F82D0300D2DC76 /* PBXTargetDependency */ = {
			isa = PBXTargetDependency;
			target = 99A71C4D19F82D0300D2DC76 /* EveryDo */;
			targetProxy = 99A71C6B19F82D0300D2DC76 /* PBXContainerItemProxy */;
		};
/* End PBXTargetDependency section */

/* Begin PBXVariantGroup section */
		99A71C5E19F82D0300D2DC76 /* Main.storyboard */ = {
			isa = PBXVariantGroup;
			children = (
				99A71C5F19F82D0300D2DC76 /* Base */,
			);
			name = Main.storyboard;
			sourceTree = "<group>";
		};
		99A71C6319F82D0300D2DC76 /* LaunchScreen.xib */ = {
			isa = PBXVariantGroup;
			children = (
				99A71C6419F82D0300D2DC76 /* Base */,
			);
			name = LaunchScreen.xib;
			sourceTree = "<group>";
		};
/* End PBXVariantGroup section */

/* Begin XCBuildConfiguration section */
		99A71C7219F82D0300D2DC76 /* Debug */ = {
			isa = XCBuildConfiguration;
			buildSettings = {
				ALWAYS_SEARCH_USER_PATHS = NO;
				CLANG_CXX_LANGUAGE_STANDARD = "gnu++0x";
				CLANG_CXX_LIBRARY = "libc++";
				CLANG_ENABLE_MODULES = YES;
				CLANG_ENABLE_OBJC_ARC = YES;
				CLANG_WARN_BOOL_CONVERSION = YES;
				CLANG_WARN_CONSTANT_CONVERSION = YES;
				CLANG_WARN_DIRECT_OBJC_ISA_USAGE = YES_ERROR;
				CLANG_WARN_EMPTY_BODY = YES;
				CLANG_WARN_ENUM_CONVERSION = YES;
				CLANG_WARN_INT_CONVERSION = YES;
				CLANG_WARN_OBJC_ROOT_CLASS = YES_ERROR;
				CLANG_WARN_UNREACHABLE_CODE = YES;
				CLANG_WARN__DUPLICATE_METHOD_MATCH = YES;
				"CODE_SIGN_IDENTITY[sdk=iphoneos*]" = "iPhone Developer";
				COPY_PHASE_STRIP = NO;
				ENABLE_STRICT_OBJC_MSGSEND = YES;
				GCC_C_LANGUAGE_STANDARD = gnu99;
				GCC_DYNAMIC_NO_PIC = NO;
				GCC_OPTIMIZATION_LEVEL = 0;
				GCC_PREPROCESSOR_DEFINITIONS = (
					"DEBUG=1",
					"$(inherited)",
				);
				GCC_SYMBOLS_PRIVATE_EXTERN = NO;
				GCC_WARN_64_TO_32_BIT_CONVERSION = YES;
				GCC_WARN_ABOUT_RETURN_TYPE = YES_ERROR;
				GCC_WARN_UNDECLARED_SELECTOR = YES;
				GCC_WARN_UNINITIALIZED_AUTOS = YES_AGGRESSIVE;
				GCC_WARN_UNUSED_FUNCTION = YES;
				GCC_WARN_UNUSED_VARIABLE = YES;
				IPHONEOS_DEPLOYMENT_TARGET = 8.0;
				MTL_ENABLE_DEBUG_INFO = YES;
				ONLY_ACTIVE_ARCH = YES;
				SDKROOT = iphoneos;
			};
			name = Debug;
		};
		99A71C7319F82D0300D2DC76 /* Release */ = {
			isa = XCBuildConfiguration;
			buildSettings = {
				ALWAYS_SEARCH_USER_PATHS = NO;
				CLANG_CXX_LANGUAGE_STANDARD = "gnu++0x";
				CLANG_CXX_LIBRARY = "libc++";
				CLANG_ENABLE_MODULES = YES;
				CLANG_ENABLE_OBJC_ARC = YES;
				CLANG_WARN_BOOL_CONVERSION = YES;
				CLANG_WARN_CONSTANT_CONVERSION = YES;
				CLANG_WARN_DIRECT_OBJC_ISA_USAGE = YES_ERROR;
				CLANG_WARN_EMPTY_BODY = YES;
				CLANG_WARN_ENUM_CONVERSION = YES;
				CLANG_WARN_INT_CONVERSION = YES;
				CLANG_WARN_OBJC_ROOT_CLASS = YES_ERROR;
				CLANG_WARN_UNREACHABLE_CODE = YES;
				CLANG_WARN__DUPLICATE_METHOD_MATCH = YES;
				"CODE_SIGN_IDENTITY[sdk=iphoneos*]" = "iPhone Developer";
				COPY_PHASE_STRIP = YES;
				ENABLE_NS_ASSERTIONS = NO;
				ENABLE_STRICT_OBJC_MSGSEND = YES;
				GCC_C_LANGUAGE_STANDARD = gnu99;
				GCC_WARN_64_TO_32_BIT_CONVERSION = YES;
				GCC_WARN_ABOUT_RETURN_TYPE = YES_ERROR;
				GCC_WARN_UNDECLARED_SELECTOR = YES;
				GCC_WARN_UNINITIALIZED_AUTOS = YES_AGGRESSIVE;
				GCC_WARN_UNUSED_FUNCTION = YES;
				GCC_WARN_UNUSED_VARIABLE = YES;
				IPHONEOS_DEPLOYMENT_TARGET = 8.0;
				MTL_ENABLE_DEBUG_INFO = NO;
				SDKROOT = iphoneos;
				VALIDATE_PRODUCT = YES;
			};
			name = Release;
		};
		99A71C7519F82D0300D2DC76 /* Debug */ = {
			isa = XCBuildConfiguration;
			buildSettings = {
				ASSETCATALOG_COMPILER_APPICON_NAME = AppIcon;
				INFOPLIST_FILE = EveryDo/Info.plist;
				LD_RUNPATH_SEARCH_PATHS = "$(inherited) @executable_path/Frameworks";
				PRODUCT_NAME = "$(TARGET_NAME)";
				TARGETED_DEVICE_FAMILY = 1;
			};
			name = Debug;
		};
		99A71C7619F82D0300D2DC76 /* Release */ = {
			isa = XCBuildConfiguration;
			buildSettings = {
				ASSETCATALOG_COMPILER_APPICON_NAME = AppIcon;
				INFOPLIST_FILE = EveryDo/Info.plist;
				LD_RUNPATH_SEARCH_PATHS = "$(inherited) @executable_path/Frameworks";
				PRODUCT_NAME = "$(TARGET_NAME)";
				TARGETED_DEVICE_FAMILY = 1;
			};
			name = Release;
		};
		99A71C7819F82D0300D2DC76 /* Debug */ = {
			isa = XCBuildConfiguration;
			buildSettings = {
				BUNDLE_LOADER = "$(TEST_HOST)";
				FRAMEWORK_SEARCH_PATHS = (
					"$(SDKROOT)/Developer/Library/Frameworks",
					"$(inherited)",
				);
				GCC_PREPROCESSOR_DEFINITIONS = (
					"DEBUG=1",
					"$(inherited)",
				);
				INFOPLIST_FILE = EveryDoTests/Info.plist;
				LD_RUNPATH_SEARCH_PATHS = "$(inherited) @executable_path/Frameworks @loader_path/Frameworks";
				PRODUCT_NAME = "$(TARGET_NAME)";
				TEST_HOST = "$(BUILT_PRODUCTS_DIR)/EveryDo.app/EveryDo";
			};
			name = Debug;
		};
		99A71C7919F82D0300D2DC76 /* Release */ = {
			isa = XCBuildConfiguration;
			buildSettings = {
				BUNDLE_LOADER = "$(TEST_HOST)";
				FRAMEWORK_SEARCH_PATHS = (
					"$(SDKROOT)/Developer/Library/Frameworks",
					"$(inherited)",
				);
				INFOPLIST_FILE = EveryDoTests/Info.plist;
				LD_RUNPATH_SEARCH_PATHS = "$(inherited) @executable_path/Frameworks @loader_path/Frameworks";
				PRODUCT_NAME = "$(TARGET_NAME)";
				TEST_HOST = "$(BUILT_PRODUCTS_DIR)/EveryDo.app/EveryDo";
			};
			name = Release;
		};
/* End XCBuildConfiguration section */

/* Begin XCConfigurationList section */
		99A71C4919F82D0300D2DC76 /* Build configuration list for PBXProject "EveryDo" */ = {
			isa = XCConfigurationList;
			buildConfigurations = (
				99A71C7219F82D0300D2DC76 /* Debug */,
				99A71C7319F82D0300D2DC76 /* Release */,
			);
			defaultConfigurationIsVisible = 0;
			defaultConfigurationName = Release;
		};
		99A71C7419F82D0300D2DC76 /* Build configuration list for PBXNativeTarget "EveryDo" */ = {
			isa = XCConfigurationList;
			buildConfigurations = (
				99A71C7519F82D0300D2DC76 /* Debug */,
				99A71C7619F82D0300D2DC76 /* Release */,
			);
			defaultConfigurationIsVisible = 0;
			defaultConfigurationName = Release;
		};
		99A71C7719F82D0300D2DC76 /* Build configuration list for PBXNativeTarget "EveryDoTests" */ = {
			isa = XCConfigurationList;
			buildConfigurations = (
				99A71C7819F82D0300D2DC76 /* Debug */,
				99A71C7919F82D0300D2DC76 /* Release */,
			);
			defaultConfigurationIsVisible = 0;
			defaultConfigurationName = Release;
		};
/* End XCConfigurationList section */

/* Begin XCVersionGroup section */
		9959369319FF4E2F006A2E9F /* EveryDo.xcdatamodeld */ = {
			isa = XCVersionGroup;
			children = (
				9959369419FF4E2F006A2E9F /* EveryDo.xcdatamodel */,
			);
			currentVersion = 9959369419FF4E2F006A2E9F /* EveryDo.xcdatamodel */;
			path = EveryDo.xcdatamodeld;
			sourceTree = SOURCE_ROOT;
			versionGroupType = wrapper.xcdatamodel;
		};
/* End XCVersionGroup section */
	};
	rootObject = 99A71C4619F82D0300D2DC76 /* Project object */;
}
